{
  "name": "wtisc-project",
  "lockfileVersion": 3,
  "requires": true,
  "packages": {
    "": {
      "dependencies": {
        "prisma": "^5.19.0"
      }
    },
    "node_modules/@prisma/debug": {
      "version": "5.19.0",
      "resolved": "https://registry.npmjs.org/@prisma/debug/-/debug-5.19.0.tgz",
      "integrity": "sha512-+b/G0ubAZlrS+JSiDhXnYV5DF/aTJ3pinktkiV/L4TtLRLZO6SVGyFELgxBsicCTWJ2ZMu5vEV/jTtYCdjFTRA==",
      "license": "Apache-2.0"
    },
    "node_modules/@prisma/engines": {
      "version": "5.19.0",
      "resolved": "https://registry.npmjs.org/@prisma/engines/-/engines-5.19.0.tgz",
      "integrity": "sha512-UtW+0m4HYoRSSR3LoDGKF3Ud4BSMWYlLEt4slTnuP1mI+vrV3zaDoiAPmejdAT76vCN5UqnWURbkXxf66nSylQ==",
      "hasInstallScript": true,
      "license": "Apache-2.0",
      "dependencies": {
        "@prisma/debug": "5.19.0",
        "@prisma/engines-version": "5.19.0-31.5fe21811a6ba0b952a3bc71400666511fe3b902f",
        "@prisma/fetch-engine": "5.19.0",
        "@prisma/get-platform": "5.19.0"
      }
    },
    "node_modules/@prisma/engines-version": {
      "version": "5.19.0-31.5fe21811a6ba0b952a3bc71400666511fe3b902f",
      "resolved": "https://registry.npmjs.org/@prisma/engines-version/-/engines-version-5.19.0-31.5fe21811a6ba0b952a3bc71400666511fe3b902f.tgz",
      "integrity": "sha512-GimI9aZIFy/yvvR11KfXRn3pliFn1QAkdebVlsXlnoh5uk0YhLblVmeYiHfsu+wDA7BeKqYT4sFfzg8mutzuWw==",
      "license": "Apache-2.0"
    },
    "node_modules/@prisma/fetch-engine": {
      "version": "5.19.0",
      "resolved": "https://registry.npmjs.org/@prisma/fetch-engine/-/fetch-engine-5.19.0.tgz",
      "integrity": "sha512-oOiPNtmJX0cP/ebu7BBEouJvCw8T84/MFD/Hf2zlqjxkK4ojl38bB9i9J5LAxotL6WlYVThKdxc7HqoWnPOhqQ==",
      "license": "Apache-2.0",
      "dependencies": {
        "@prisma/debug": "5.19.0",
        "@prisma/engines-version": "5.19.0-31.5fe21811a6ba0b952a3bc71400666511fe3b902f",
        "@prisma/get-platform": "5.19.0"
      }
    },
    "node_modules/@prisma/get-platform": {
      "version": "5.19.0",
      "resolved": "https://registry.npmjs.org/@prisma/get-platform/-/get-platform-5.19.0.tgz",
      "integrity": "sha512-s9DWkZKnuP4Y8uy6yZfvqQ/9X3/+2KYf3IZUVZz5OstJdGBJrBlbmIuMl81917wp5TuK/1k2TpHNCEdpYLPKmg==",
      "license": "Apache-2.0",
      "dependencies": {
        "@prisma/debug": "5.19.0"
      }
    },
    "node_modules/fsevents": {
      "version": "2.3.3",
      "resolved": "https://registry.npmjs.org/fsevents/-/fsevents-2.3.3.tgz",
      "integrity": "sha512-5xoDfX+fL7faATnagmWPpbFtwh/R77WmMMqqHGS65C3vvB0YHrgF+B1YmZ3441tMj5n63k0212XNoJwzlhffQw==",
      "hasInstallScript": true,
      "license": "MIT",
      "optional": true,
      "os": [
        "darwin"
      ],
      "engines": {
        "node": "^8.16.0 || ^10.6.0 || >=11.0.0"
      }
    },
    "node_modules/prisma": {
      "version": "5.19.0",
      "resolved": "https://registry.npmjs.org/prisma/-/prisma-5.19.0.tgz",
      "integrity": "sha512-Pu7lUKpVyTx8cVwM26dYh8NdvMOkMnJXzE8L6cikFuR4JwyMU5NKofQkWyxJKlTT4fNjmcnibTvklV8oVMrn+g==",
      "hasInstallScript": true,
      "license": "Apache-2.0",
      "dependencies": {
        "@prisma/engines": "5.19.0"
      },
      "bin": {
        "prisma": "build/index.js"
      },
      "engines": {
        "node": ">=16.13"
      },
      "optionalDependencies": {
        "fsevents": "2.3.3"
      }
    }
  }
}
